// !$*UTF8*$!
{
	archiveVersion = 1;
	classes = {
	};
	objectVersion = 56;
	objects = {

/* Begin PBXBuildFile section */
		B42EEB572F11778E00A98042 /* Japanese_LearnApp.swift in Sources */ = {isa = PBXBuildFile; fileRef = B42EEB562F11778E00A98042 /* Japanese_LearnApp.swift */; };
		B42EEB592F11778E00A98042 /* ContentView.swift in Sources */ = {isa = PBXBuildFile; fileRef = B42EEB582F11778E00A98042 /* ContentView.swift */; };
		B42EEB5B2F11779100A98042 /* Assets.xcassets in Resources */ = {isa = PBXBuildFile; fileRef = B42EEB5A2F11779100A98042 /* Assets.xcassets */; };
		B42EEB5E2F11779100A98042 /* Preview Assets.xcassets in Resources */ = {isa = PBXBuildFile; fileRef = B42EEB5D2F11779100A98042 /* Preview Assets.xcassets */; };
		B42EEB602F11779100A98042 /* Persistence.swift in Sources */ = {isa = PBXBuildFile; fileRef = B42EEB5F2F11779100A98042 /* Persistence.swift */; };
		B42EEB632F11779100A98042 /* Japanese_Learn.xcdatamodeld in Sources */ = {isa = PBXBuildFile; fileRef = B42EEB612F11779100A98042 /* Japanese_Learn.xcdatamodeld */; };
		B4CDAC332F11B60900468065 /* Launch Screen.storyboard in Resources */ = {isa = PBXBuildFile; fileRef = B4CDAC322F11B60900468065 /* Launch Screen.storyboard */; };
/* End PBXBuildFile section */

/* Begin PBXFileReference section */
		B42EEB532F11778E00A98042 /* Japanese-Learn.app */ = {isa = PBXFileReference; explicitFileType = wrapper.application; includeInIndex = 0; path = "Japanese-Learn.app"; sourceTree = BUILT_PRODUCTS_DIR; };
		B42EEB562F11778E00A98042 /* Japanese_LearnApp.swift */ = {isa = PBXFileReference; lastKnownFileType = sourcecode.swift; path = Japanese_LearnApp.swift; sourceTree = "<group>"; };
		B42EEB582F11778E00A98042 /* ContentView.swift */ = {isa = PBXFileReference; lastKnownFileType = sourcecode.swift; path = ContentView.swift; sourceTree = "<group>"; };
		B42EEB5A2F11779100A98042 /* Assets.xcassets */ = {isa = PBXFileReference; lastKnownFileType = folder.assetcatalog; path = Assets.xcassets; sourceTree = "<group>"; };
		B42EEB5D2F11779100A98042 /* Preview Assets.xcassets */ = {isa = PBXFileReference; lastKnownFileType = folder.assetcatalog; path = "Preview Assets.xcassets"; sourceTree = "<group>"; };
		B42EEB5F2F11779100A98042 /* Persistence.swift */ = {isa = PBXFileReference; lastKnownFileType = sourcecode.swift; path = Persistence.swift; sourceTree = "<group>"; };
		B42EEB622F11779100A98042 /* Japanese_Learn.xcdatamodel */ = {isa = PBXFileReference; lastKnownFileType = wrapper.xcdatamodel; path = Japanese_Learn.xcdatamodel; sourceTree = "<group>"; };
		B4CDAC322F11B60900468065 /* Launch Screen.storyboard */ = {isa = PBXFileReference; lastKnownFileType = file.storyboard; path = "Launch Screen.storyboard"; sourceTree = "<group>"; };
		B4CDAC342F11BB6000468065 /* Vocabulary.json */ = {isa = PBXFileReference; lastKnownFileType = text.json; path = Vocabulary.json; sourceTree = "<group>"; };
/* End PBXFileReference section */

/* Begin PBXFrameworksBuildPhase section */
		B42EEB502F11778E00A98042 /* Frameworks */ = {
			isa = PBXFrameworksBuildPhase;
			buildActionMask = 2147483647;
			files = (
			);
			runOnlyForDeploymentPostprocessing = 0;
		};
/* End PBXFrameworksBuildPhase section */

/* Begin PBXGroup section */
		B42EEB4A2F11778E00A98042 = {
			isa = PBXGroup;
			children = (
				B42EEB552F11778E00A98042 /* Japanese-Learn */,
				B42EEB542F11778E00A98042 /* Products */,
			);
			sourceTree = "<group>";
		};
		B42EEB542F11778E00A98042 /* Products */ = {
			isa = PBXGroup;
			children = (
				B42EEB532F11778E00A98042 /* Japanese-Learn.app */,
			);
			name = Products;
			sourceTree = "<group>";
		};
		B42EEB552F11778E00A98042 /* Japanese-Learn */ = {
			isa = PBXGroup;
			children = (
				B4CDAC312F11B04C00468065 /* Models */,
				B42EEB562F11778E00A98042 /* Japanese_LearnApp.swift */,
				B42EEB582F11778E00A98042 /* ContentView.swift */,
				B4CDAC322F11B60900468065 /* Launch Screen.storyboard */,
				B42EEB5A2F11779100A98042 /* Assets.xcassets */,
				B42EEB5F2F11779100A98042 /* Persistence.swift */,
				B42EEB612F11779100A98042 /* Japanese_Learn.xcdatamodeld */,
				B42EEB5C2F11779100A98042 /* Preview Content */,
			);
			path = "Japanese-Learn";
			sourceTree = "<group>";
		};
		B42EEB5C2F11779100A98042 /* Preview Content */ = {
			isa = PBXGroup;
			children = (
				B42EEB5D2F11779100A98042 /* Preview Assets.xcassets */,
			);
			path = "Preview Content";
			sourceTree = "<group>";
		};
		B4CDAC312F11B04C00468065 /* Models */ = {
			isa = PBXGroup;
			children = (
				B4CDAC342F11BB6000468065 /* Vocabulary.json */,
			);
			path = Models;
			sourceTree = "<group>";
		};
/* End PBXGroup section */

/* Begin PBXNativeTarget section */
		B42EEB522F11778E00A98042 /* Japanese-Learn */ = {
			isa = PBXNativeTarget;
			buildConfigurationList = B42EEB662F11779100A98042 /* Build configuration list for PBXNativeTarget "Japanese-Learn" */;
			buildPhases = (
				B42EEB4F2F11778E00A98042 /* Sources */,
				B42EEB502F11778E00A98042 /* Frameworks */,
				B42EEB512F11778E00A98042 /* Resources */,
			);
			buildRules = (
			);
			dependencies = (
			);
			name = "Japanese-Learn";
			productName = "Japanese-Learn";
			productReference = B42EEB532F11778E00A98042 /* Japanese-Learn.app */;
			productType = "com.apple.product-type.application";
		};
/* End PBXNativeTarget section */

/* Begin PBXProject section */
		B42EEB4B2F11778E00A98042 /* Project object */ = {
			isa = PBXProject;
			attributes = {
				BuildIndependentTargetsInParallel = 1;
				LastSwiftUpdateCheck = 1540;
				LastUpgradeCheck = 1540;
				TargetAttributes = {
					B42EEB522F11778E00A98042 = {
						CreatedOnToolsVersion = 15.4;
					};
				};
			};
			buildConfigurationList = B42EEB4E2F11778E00A98042 /* Build configuration list for PBXProject "Japanese-Learn" */;
			compatibilityVersion = "Xcode 14.0";
			developmentRegion = en;
			hasScannedForEncodings = 0;
			knownRegions = (
				en,
				Base,
			);
			mainGroup = B42EEB4A2F11778E00A98042;
			productRefGroup = B42EEB542F11778E00A98042 /* Products */;
			projectDirPath = "";
			projectRoot = "";
			targets = (
				B42EEB522F11778E00A98042 /* Japanese-Learn */,
			);
		};
/* End PBXProject section */

/* Begin PBXResourcesBuildPhase section */
		B42EEB512F11778E00A98042 /* Resources */ = {
			isa = PBXResourcesBuildPhase;
			buildActionMask = 2147483647;
			files = (
				B4CDAC332F11B60900468065 /* Launch Screen.storyboard in Resources */,
				B42EEB5E2F11779100A98042 /* Preview Assets.xcassets in Resources */,
				B42EEB5B2F11779100A98042 /* Assets.xcassets in Resources */,
			);
			runOnlyForDeploymentPostprocessing = 0;
		};
/* End PBXResourcesBuildPhase section */

/* Begin PBXSourcesBuildPhase section */
		B42EEB4F2F11778E00A98042 /* Sources */ = {
			isa = PBXSourcesBuildPhase;
			buildActionMask = 2147483647;
			files = (
				B42EEB602F11779100A98042 /* Persistence.swift in Sources */,
				B42EEB592F11778E00A98042 /* ContentView.swift in Sources */,
				B42EEB572F11778E00A98042 /* Japanese_LearnApp.swift in Sources */,
				B42EEB632F11779100A98042 /* Japanese_Learn.xcdatamodeld in Sources */,
			);
			runOnlyForDeploymentPostprocessing = 0;
		};
/* End PBXSourcesBuildPhase section */

/* Begin XCBuildConfiguration section */
		B42EEB642F11779100A98042 /* Debug */ = {
			isa = XCBuildConfiguration;
			buildSettings = {
				ALWAYS_SEARCH_USER_PATHS = NO;
				ASSETCATALOG_COMPILER_GENERATE_SWIFT_ASSET_SYMBOL_EXTENSIONS = YES;
				CLANG_ANALYZER_NONNULL = YES;
				CLANG_ANALYZER_NUMBER_OBJECT_CONVERSION = YES_AGGRESSIVE;
				CLANG_CXX_LANGUAGE_STANDARD = "gnu++20";
				CLANG_ENABLE_MODULES = YES;
				CLANG_ENABLE_OBJC_ARC = YES;
				CLANG_ENABLE_OBJC_WEAK = YES;
				CLANG_WARN_BLOCK_CAPTURE_AUTORELEASING = YES;
				CLANG_WARN_BOOL_CONVERSION = YES;
				CLANG_WARN_COMMA = YES;
				CLANG_WARN_CONSTANT_CONVERSION = YES;
				CLANG_WARN_DEPRECATED_OBJC_IMPLEMENTATIONS = YES;
				CLANG_WARN_DIRECT_OBJC_ISA_USAGE = YES_ERROR;
				CLANG_WARN_DOCUMENTATION_COMMENTS = YES;
				CLANG_WARN_EMPTY_BODY = YES;
				CLANG_WARN_ENUM_CONVERSION = YES;
				CLANG_WARN_INFINITE_RECURSION = YES;
				CLANG_WARN_INT_CONVERSION = YES;
				CLANG_WARN_NON_LITERAL_NULL_CONVERSION = YES;
				CLANG_WARN_OBJC_IMPLICIT_RETAIN_SELF = YES;
				CLANG_WARN_OBJC_LITERAL_CONVERSION = YES;
				CLANG_WARN_OBJC_ROOT_CLASS = YES_ERROR;
				CLANG_WARN_QUOTED_INCLUDE_IN_FRAMEWORK_HEADER = YES;
				CLANG_WARN_RANGE_LOOP_ANALYSIS = YES;
				CLANG_WARN_STRICT_PROTOTYPES = YES;
				CLANG_WARN_SUSPICIOUS_MOVE = YES;
				CLANG_WARN_UNGUARDED_AVAILABILITY = YES_AGGRESSIVE;
				CLANG_WARN_UNREACHABLE_CODE = YES;
				CLANG_WARN__DUPLICATE_METHOD_MATCH = YES;
				COPY_PHASE_STRIP = NO;
				DEBUG_INFORMATION_FORMAT = dwarf;
				ENABLE_STRICT_OBJC_MSGSEND = YES;
				ENABLE_TESTABILITY = YES;
				ENABLE_USER_SCRIPT_SANDBOXING = YES;
				GCC_C_LANGUAGE_STANDARD = gnu17;
				GCC_DYNAMIC_NO_PIC = NO;
				GCC_NO_COMMON_BLOCKS = YES;
				GCC_OPTIMIZATION_LEVEL = 0;
				GCC_PREPROCESSOR_DEFINITIONS = (
					"DEBUG=1",
					"$(inherited)",
				);
				GCC_WARN_64_TO_32_BIT_CONVERSION = YES;
				GCC_WARN_ABOUT_RETURN_TYPE = YES_ERROR;
				GCC_WARN_UNDECLARED_SELECTOR = YES;
				GCC_WARN_UNINITIALIZED_AUTOS = YES_AGGRESSIVE;
				GCC_WARN_UNUSED_FUNCTION = YES;
				GCC_WARN_UNUSED_VARIABLE = YES;
				IPHONEOS_DEPLOYMENT_TARGET = 17.5;
				LOCALIZATION_PREFERS_STRING_CATALOGS = YES;
				MTL_ENABLE_DEBUG_INFO = INCLUDE_SOURCE;
				MTL_FAST_MATH = YES;
				ONLY_ACTIVE_ARCH = YES;
				SDKROOT = iphoneos;
				SWIFT_ACTIVE_COMPILATION_CONDITIONS = "DEBUG $(inherited)";
				SWIFT_OPTIMIZATION_LEVEL = "-Onone";
			};
			name = Debug;
		};
		B42EEB652F11779100A98042 /* Release */ = {
			isa = XCBuildConfiguration;
			buildSettings = {
				ALWAYS_SEARCH_USER_PATHS = NO;
				ASSETCATALOG_COMPILER_GENERATE_SWIFT_ASSET_SYMBOL_EXTENSIONS = YES;
				CLANG_ANALYZER_NONNULL = YES;
				CLANG_ANALYZER_NUMBER_OBJECT_CONVERSION = YES_AGGRESSIVE;
				CLANG_CXX_LANGUAGE_STANDARD = "gnu++20";
				CLANG_ENABLE_MODULES = YES;
				CLANG_ENABLE_OBJC_ARC = YES;
				CLANG_ENABLE_OBJC_WEAK = YES;
				CLANG_WARN_BLOCK_CAPTURE_AUTORELEASING = YES;
				CLANG_WARN_BOOL_CONVERSION = YES;
				CLANG_WARN_COMMA = YES;
				CLANG_WARN_CONSTANT_CONVERSION = YES;
				CLANG_WARN_DEPRECATED_OBJC_IMPLEMENTATIONS = YES;
				CLANG_WARN_DIRECT_OBJC_ISA_USAGE = YES_ERROR;
				CLANG_WARN_DOCUMENTATION_COMMENTS = YES;
				CLANG_WARN_EMPTY_BODY = YES;
				CLANG_WARN_ENUM_CONVERSION = YES;
				CLANG_WARN_INFINITE_RECURSION = YES;
				CLANG_WARN_INT_CONVERSION = YES;
				CLANG_WARN_NON_LITERAL_NULL_CONVERSION = YES;
				CLANG_WARN_OBJC_IMPLICIT_RETAIN_SELF = YES;
				CLANG_WARN_OBJC_LITERAL_CONVERSION = YES;
				CLANG_WARN_OBJC_ROOT_CLASS = YES_ERROR;
				CLANG_WARN_QUOTED_INCLUDE_IN_FRAMEWORK_HEADER = YES;
				CLANG_WARN_RANGE_LOOP_ANALYSIS = YES;
				CLANG_WARN_STRICT_PROTOTYPES = YES;
				CLANG_WARN_SUSPICIOUS_MOVE = YES;
				CLANG_WARN_UNGUARDED_AVAILABILITY = YES_AGGRESSIVE;
				CLANG_WARN_UNREACHABLE_CODE = YES;
				CLANG_WARN__DUPLICATE_METHOD_MATCH = YES;
				COPY_PHASE_STRIP = NO;
				DEBUG_INFORMATION_FORMAT = "dwarf-with-dsym";
				ENABLE_NS_ASSERTIONS = NO;
				ENABLE_STRICT_OBJC_MSGSEND = YES;
				ENABLE_USER_SCRIPT_SANDBOXING = YES;
				GCC_C_LANGUAGE_STANDARD = gnu17;
				GCC_NO_COMMON_BLOCKS = YES;
				GCC_WARN_64_TO_32_BIT_CONVERSION = YES;
				GCC_WARN_ABOUT_RETURN_TYPE = YES_ERROR;
				GCC_WARN_UNDECLARED_SELECTOR = YES;
				GCC_WARN_UNINITIALIZED_AUTOS = YES_AGGRESSIVE;
				GCC_WARN_UNUSED_FUNCTION = YES;
				GCC_WARN_UNUSED_VARIABLE = YES;
				IPHONEOS_DEPLOYMENT_TARGET = 17.5;
				LOCALIZATION_PREFERS_STRING_CATALOGS = YES;
				MTL_ENABLE_DEBUG_INFO = NO;
				MTL_FAST_MATH = YES;
				SDKROOT = iphoneos;
				SWIFT_COMPILATION_MODE = wholemodule;
				VALIDATE_PRODUCT = YES;
			};
			name = Release;
		};
		B42EEB672F11779100A98042 /* Debug */ = {
			isa = XCBuildConfiguration;
			buildSettings = {
				ASSETCATALOG_COMPILER_APPICON_NAME = AppIcon;
				ASSETCATALOG_COMPILER_GLOBAL_ACCENT_COLOR_NAME = AccentColor;
				CODE_SIGN_STYLE = Automatic;
				CURRENT_PROJECT_VERSION = 1;
				DEVELOPMENT_ASSET_PATHS = "\"Japanese-Learn/Preview Content\"";
				DEVELOPMENT_TEAM = 8R8MHN586J;
				ENABLE_PREVIEWS = YES;
				GENERATE_INFOPLIST_FILE = YES;
				INFOPLIST_KEY_UIApplicationSceneManifest_Generation = YES;
				INFOPLIST_KEY_UIApplicationSupportsIndirectInputEvents = YES;
				INFOPLIST_KEY_UILaunchScreen_Generation = YES;
				INFOPLIST_KEY_UILaunchStoryboardName = "Launch Screen.storyboard";
				INFOPLIST_KEY_UISupportedInterfaceOrientations_iPad = "UIInterfaceOrientationPortrait UIInterfaceOrientationPortraitUpsideDown UIInterfaceOrientationLandscapeLeft UIInterfaceOrientationLandscapeRight";
				INFOPLIST_KEY_UISupportedInterfaceOrientations_iPhone = "UIInterfaceOrientationPortrait UIInterfaceOrientationLandscapeLeft UIInterfaceOrientationLandscapeRight";
				LD_RUNPATH_SEARCH_PATHS = (
					"$(inherited)",
					"@executable_path/Frameworks",
				);
				MARKETING_VERSION = 1.0;
				PRODUCT_BUNDLE_IDENTIFIER = "com.payton.Japanese-Learn";
				PRODUCT_NAME = "$(TARGET_NAME)";
				SWIFT_EMIT_LOC_STRINGS = YES;
				SWIFT_VERSION = 5.0;
				TARGETED_DEVICE_FAMILY = "1,2";
			};
			name = Debug;
		};
		B42EEB682F11779100A98042 /* Release */ = {
			isa = XCBuildConfiguration;
			buildSettings = {
				ASSETCATALOG_COMPILER_APPICON_NAME = AppIcon;
				ASSETCATALOG_COMPILER_GLOBAL_ACCENT_COLOR_NAME = AccentColor;
				CODE_SIGN_STYLE = Automatic;
				CURRENT_PROJECT_VERSION = 1;
				DEVELOPMENT_ASSET_PATHS = "\"Japanese-Learn/Preview Content\"";
				DEVELOPMENT_TEAM = 8R8MHN586J;
				ENABLE_PREVIEWS = YES;
				GENERATE_INFOPLIST_FILE = YES;
				INFOPLIST_KEY_UIApplicationSceneManifest_Generation = YES;
				INFOPLIST_KEY_UIApplicationSupportsIndirectInputEvents = YES;
				INFOPLIST_KEY_UILaunchScreen_Generation = YES;
				INFOPLIST_KEY_UILaunchStoryboardName = "Launch Screen.storyboard";
				INFOPLIST_KEY_UISupportedInterfaceOrientations_iPad = "UIInterfaceOrientationPortrait UIInterfaceOrientationPortraitUpsideDown UIInterfaceOrientationLandscapeLeft UIInterfaceOrientationLandscapeRight";
				INFOPLIST_KEY_UISupportedInterfaceOrientations_iPhone = "UIInterfaceOrientationPortrait UIInterfaceOrientationLandscapeLeft UIInterfaceOrientationLandscapeRight";
				LD_RUNPATH_SEARCH_PATHS = (
					"$(inherited)",
					"@executable_path/Frameworks",
				);
				MARKETING_VERSION = 1.0;
				PRODUCT_BUNDLE_IDENTIFIER = "com.payton.Japanese-Learn";
				PRODUCT_NAME = "$(TARGET_NAME)";
				SWIFT_EMIT_LOC_STRINGS = YES;
				SWIFT_VERSION = 5.0;
				TARGETED_DEVICE_FAMILY = "1,2";
			};
			name = Release;
		};
/* End XCBuildConfiguration section */

/* Begin XCConfigurationList section */
		B42EEB4E2F11778E00A98042 /* Build configuration list for PBXProject "Japanese-Learn" */ = {
			isa = XCConfigurationList;
			buildConfigurations = (
				B42EEB642F11779100A98042 /* Debug */,
				B42EEB652F11779100A98042 /* Release */,
			);
			defaultConfigurationIsVisible = 0;
			defaultConfigurationName = Release;
		};
		B42EEB662F11779100A98042 /* Build configuration list for PBXNativeTarget "Japanese-Learn" */ = {
			isa = XCConfigurationList;
			buildConfigurations = (
				B42EEB672F11779100A98042 /* Debug */,
				B42EEB682F11779100A98042 /* Release */,
			);
			defaultConfigurationIsVisible = 0;
			defaultConfigurationName = Release;
		};
/* End XCConfigurationList section */

/* Begin XCVersionGroup section */
		B42EEB612F11779100A98042 /* Japanese_Learn.xcdatamodeld */ = {
			isa = XCVersionGroup;
			children = (
				B42EEB622F11779100A98042 /* Japanese_Learn.xcdatamodel */,
			);
			currentVersion = B42EEB622F11779100A98042 /* Japanese_Learn.xcdatamodel */;
			path = Japanese_Learn.xcdatamodeld;
			sourceTree = "<group>";
			versionGroupType = wrapper.xcdatamodel;
		};
/* End XCVersionGroup section */
	};
	rootObject = B42EEB4B2F11778E00A98042 /* Project object */;
}
